{
  "name": "@ai-os/product",
  "version": "0.0.0",
  "lockfileVersion": 3,
  "requires": true,
  "packages": {
    "": {
      "name": "@ai-os/product",
      "version": "0.0.0",
      "workspaces": [
        "apps/*",
        "packages/*/*"
      ],
      "devDependencies": {
        "typescript": "^5.8.3"
      }
    },
    "apps/space-desktop": {
      "name": "@ai-os/space-desktop",
      "version": "0.0.0",
      "dependencies": {
        "@ai-os/approval-core": "0.0.0",
        "@ai-os/companion-core": "0.0.0",
        "@ai-os/control-plane": "0.0.0",
        "@ai-os/conversation-core": "0.0.0",
        "@ai-os/conversation-runtime": "0.0.0",
        "@ai-os/executor-claude-code": "0.0.0",
        "@ai-os/executor-codex": "0.0.0",
        "@ai-os/executor-protocol": "0.0.0",
        "@ai-os/kernel-objects": "0.0.0",
        "@ai-os/provider-anthropic-compatible": "0.0.0",
        "@ai-os/provider-openai-compatible": "0.0.0",
        "@ai-os/provider-protocol": "0.0.0",
        "@ai-os/provider-registry": "0.0.0"
      }
    },
    "node_modules/@ai-os/approval-core": {
      "resolved": "packages/control/approval-core",
      "link": true
    },
    "node_modules/@ai-os/artifact-core": {
      "resolved": "packages/workspace/artifact-core",
      "link": true
    },
    "node_modules/@ai-os/companion-core": {
      "resolved": "packages/companion/companion-core",
      "link": true
    },
    "node_modules/@ai-os/control-plane": {
      "resolved": "packages/control/control-plane",
      "link": true
    },
    "node_modules/@ai-os/conversation-core": {
      "resolved": "packages/conversation/conversation-core",
      "link": true
    },
    "node_modules/@ai-os/conversation-runtime": {
      "resolved": "packages/conversation/conversation-runtime",
      "link": true
    },
    "node_modules/@ai-os/executor-claude-code": {
      "resolved": "packages/executors/executor-claude-code",
      "link": true
    },
    "node_modules/@ai-os/executor-codex": {
      "resolved": "packages/executors/executor-codex",
      "link": true
    },
    "node_modules/@ai-os/executor-protocol": {
      "resolved": "packages/executors/executor-protocol",
      "link": true
    },
    "node_modules/@ai-os/kernel-events": {
      "resolved": "packages/kernel/kernel-events",
      "link": true
    },
    "node_modules/@ai-os/kernel-objects": {
      "resolved": "packages/kernel/kernel-objects",
      "link": true
    },
    "node_modules/@ai-os/provider-anthropic-compatible": {
      "resolved": "packages/model-providers/provider-anthropic-compatible",
      "link": true
    },
    "node_modules/@ai-os/provider-openai-compatible": {
      "resolved": "packages/model-providers/provider-openai-compatible",
      "link": true
    },
    "node_modules/@ai-os/provider-protocol": {
      "resolved": "packages/model-providers/provider-protocol",
      "link": true
    },
    "node_modules/@ai-os/provider-registry": {
      "resolved": "packages/model-providers/provider-registry",
      "link": true
    },
    "node_modules/@ai-os/space-desktop": {
      "resolved": "apps/space-desktop",
      "link": true
    },
    "node_modules/@ai-os/workspace-core": {
      "resolved": "packages/workspace/workspace-core",
      "link": true
    },
    "node_modules/typescript": {
      "version": "5.9.3",
      "resolved": "https://registry.npmjs.org/typescript/-/typescript-5.9.3.tgz",
      "integrity": "sha512-jl1vZzPDinLr9eUt3J/t7V6FgNEw9QjvBPdysz9KfQDD41fQrC2Y4vKQdiaUpFT4bXlb1RHhLpp8wtm6M5TgSw==",
      "dev": true,
      "license": "Apache-2.0",
      "bin": {
        "tsc": "bin/tsc",
        "tsserver": "bin/tsserver"
      },
      "engines": {
        "node": ">=14.17"
      }
    },
    "packages/companion/companion-core": {
      "name": "@ai-os/companion-core",
      "version": "0.0.0",
      "dependencies": {
        "@ai-os/control-plane": "0.0.0",
        "@ai-os/kernel-objects": "0.0.0"
      }
    },
    "packages/control/approval-core": {
      "name": "@ai-os/approval-core",
      "version": "0.0.0"
    },
    "packages/control/control-plane": {
      "name": "@ai-os/control-plane",
      "version": "0.0.0",
      "dependencies": {
        "@ai-os/executor-protocol": "0.0.0",
        "@ai-os/kernel-events": "0.0.0",
        "@ai-os/kernel-objects": "0.0.0"
      }
    },
    "packages/conversation/conversation-core": {
      "name": "@ai-os/conversation-core",
      "version": "0.0.0",
      "dependencies": {
        "@ai-os/kernel-objects": "0.0.0"
      }
    },
    "packages/conversation/conversation-runtime": {
      "name": "@ai-os/conversation-runtime",
      "version": "0.0.0",
      "dependencies": {
        "@ai-os/conversation-core": "0.0.0",
        "@ai-os/provider-protocol": "0.0.0"
      }
    },
    "packages/executors/executor-claude-code": {
      "name": "@ai-os/executor-claude-code",
      "version": "0.0.0",
      "dependencies": {
        "@ai-os/executor-protocol": "0.0.0",
        "@ai-os/kernel-events": "0.0.0",
        "@ai-os/kernel-objects": "0.0.0"
      }
    },
    "packages/executors/executor-codex": {
      "name": "@ai-os/executor-codex",
      "version": "0.0.0",
      "dependencies": {
        "@ai-os/executor-protocol": "0.0.0",
        "@ai-os/kernel-events": "0.0.0",
        "@ai-os/kernel-objects": "0.0.0"
      }
    },
    "packages/executors/executor-protocol": {
      "name": "@ai-os/executor-protocol",
      "version": "0.0.0",
      "dependencies": {
        "@ai-os/kernel-events": "0.0.0",
        "@ai-os/kernel-objects": "0.0.0"
      }
    },
    "packages/kernel/kernel-events": {
      "name": "@ai-os/kernel-events",
      "version": "0.0.0",
      "dependencies": {
        "@ai-os/kernel-objects": "0.0.0"
      }
    },
    "packages/kernel/kernel-objects": {
      "name": "@ai-os/kernel-objects",
      "version": "0.0.0"
    },
    "packages/model-providers/provider-anthropic-compatible": {
      "name": "@ai-os/provider-anthropic-compatible",
      "version": "0.0.0",
      "dependencies": {
        "@ai-os/conversation-core": "0.0.0",
        "@ai-os/kernel-objects": "0.0.0",
        "@ai-os/provider-protocol": "0.0.0"
      }
    },
    "packages/model-providers/provider-openai-compatible": {
      "name": "@ai-os/provider-openai-compatible",
      "version": "0.0.0",
      "dependencies": {
        "@ai-os/conversation-core": "0.0.0",
        "@ai-os/provider-protocol": "0.0.0"
      }
    },
    "packages/model-providers/provider-protocol": {
      "name": "@ai-os/provider-protocol",
      "version": "0.0.0",
      "dependencies": {
        "@ai-os/conversation-core": "0.0.0",
        "@ai-os/kernel-objects": "0.0.0"
      }
    },
    "packages/model-providers/provider-registry": {
      "name": "@ai-os/provider-registry",
      "version": "0.0.0",
      "dependencies": {
        "@ai-os/conversation-core": "0.0.0",
        "@ai-os/provider-protocol": "0.0.0"
      }
    },
    "packages/workspace/artifact-core": {
      "name": "@ai-os/artifact-core",
      "version": "0.0.0",
      "dependencies": {
        "@ai-os/kernel-objects": "0.0.0"
      }
    },
    "packages/workspace/workspace-core": {
      "name": "@ai-os/workspace-core",
      "version": "0.0.0",
      "dependencies": {
        "@ai-os/kernel-objects": "0.0.0"
      }
    }
  }
}
